// !$*UTF8*$!
{
	archiveVersion = 1;
	classes = {
	};
	objectVersion = 56;
	objects = {

/* Begin PBXBuildFile section */
		555B0DA729169F380022C052 /* AppDelegate.swift in Sources */ = {isa = PBXBuildFile; fileRef = 555B0DA629169F380022C052 /* AppDelegate.swift */; };
		555B0DA929169F380022C052 /* SceneDelegate.swift in Sources */ = {isa = PBXBuildFile; fileRef = 555B0DA829169F380022C052 /* SceneDelegate.swift */; };
		555B0DAB29169F380022C052 /* MainViewController.swift in Sources */ = {isa = PBXBuildFile; fileRef = 555B0DAA29169F380022C052 /* MainViewController.swift */; };
		555B0DAE29169F380022C052 /* Main.storyboard in Resources */ = {isa = PBXBuildFile; fileRef = 555B0DAC29169F380022C052 /* Main.storyboard */; };
		555B0DB029169F390022C052 /* Assets.xcassets in Resources */ = {isa = PBXBuildFile; fileRef = 555B0DAF29169F390022C052 /* Assets.xcassets */; };
		555B0DB329169F390022C052 /* LaunchScreen.storyboard in Resources */ = {isa = PBXBuildFile; fileRef = 555B0DB129169F390022C052 /* LaunchScreen.storyboard */; };
		555B0DBB2916B4100022C052 /* Joke.swift in Sources */ = {isa = PBXBuildFile; fileRef = 555B0DBA2916B4100022C052 /* Joke.swift */; };
		5594BAC3291BD0FE000D1DF7 /* Extension + UIView.swift in Sources */ = {isa = PBXBuildFile; fileRef = 5594BAC2291BD0FE000D1DF7 /* Extension + UIView.swift */; };
		5594BAC5291BD196000D1DF7 /* JokeViewController.swift in Sources */ = {isa = PBXBuildFile; fileRef = 5594BAC4291BD196000D1DF7 /* JokeViewController.swift */; };
/* End PBXBuildFile section */

/* Begin PBXFileReference section */
		555B0DA329169F380022C052 /* HomeWork 3.02.app */ = {isa = PBXFileReference; explicitFileType = wrapper.application; includeInIndex = 0; path = "HomeWork 3.02.app"; sourceTree = BUILT_PRODUCTS_DIR; };
		555B0DA629169F380022C052 /* AppDelegate.swift */ = {isa = PBXFileReference; lastKnownFileType = sourcecode.swift; path = AppDelegate.swift; sourceTree = "<group>"; };
		555B0DA829169F380022C052 /* SceneDelegate.swift */ = {isa = PBXFileReference; lastKnownFileType = sourcecode.swift; path = SceneDelegate.swift; sourceTree = "<group>"; };
		555B0DAA29169F380022C052 /* MainViewController.swift */ = {isa = PBXFileReference; lastKnownFileType = sourcecode.swift; path = MainViewController.swift; sourceTree = "<group>"; };
		555B0DAD29169F380022C052 /* Base */ = {isa = PBXFileReference; lastKnownFileType = file.storyboard; name = Base; path = Base.lproj/Main.storyboard; sourceTree = "<group>"; };
		555B0DAF29169F390022C052 /* Assets.xcassets */ = {isa = PBXFileReference; lastKnownFileType = folder.assetcatalog; path = Assets.xcassets; sourceTree = "<group>"; };
		555B0DB229169F390022C052 /* Base */ = {isa = PBXFileReference; lastKnownFileType = file.storyboard; name = Base; path = Base.lproj/LaunchScreen.storyboard; sourceTree = "<group>"; };
		555B0DB429169F390022C052 /* Info.plist */ = {isa = PBXFileReference; lastKnownFileType = text.plist.xml; path = Info.plist; sourceTree = "<group>"; };
		555B0DBA2916B4100022C052 /* Joke.swift */ = {isa = PBXFileReference; lastKnownFileType = sourcecode.swift; path = Joke.swift; sourceTree = "<group>"; };
		5594BAC2291BD0FE000D1DF7 /* Extension + UIView.swift */ = {isa = PBXFileReference; lastKnownFileType = sourcecode.swift; path = "Extension + UIView.swift"; sourceTree = "<group>"; };
		5594BAC4291BD196000D1DF7 /* JokeViewController.swift */ = {isa = PBXFileReference; lastKnownFileType = sourcecode.swift; path = JokeViewController.swift; sourceTree = "<group>"; };
/* End PBXFileReference section */

/* Begin PBXFrameworksBuildPhase section */
		555B0DA029169F380022C052 /* Frameworks */ = {
			isa = PBXFrameworksBuildPhase;
			buildActionMask = 2147483647;
			files = (
			);
			runOnlyForDeploymentPostprocessing = 0;
		};
/* End PBXFrameworksBuildPhase section */

/* Begin PBXGroup section */
		555B0D9A29169F380022C052 = {
			isa = PBXGroup;
			children = (
				555B0DA529169F380022C052 /* HomeWork 3.02 */,
				555B0DA429169F380022C052 /* Products */,
			);
			sourceTree = "<group>";
		};
		555B0DA429169F380022C052 /* Products */ = {
			isa = PBXGroup;
			children = (
				555B0DA329169F380022C052 /* HomeWork 3.02.app */,
			);
			name = Products;
			sourceTree = "<group>";
		};
		555B0DA529169F380022C052 /* HomeWork 3.02 */ = {
			isa = PBXGroup;
			children = (
				555B0DBF29179DED0022C052 /* App */,
				555B0DBE29179DD70022C052 /* ViewControllers */,
				555B0DC129179E260022C052 /* Storyboards */,
				555B0DC029179E080022C052 /* Models */,
				5594BAC6291BD39A000D1DF7 /* Extensions */,
				555B0DAF29169F390022C052 /* Assets.xcassets */,
			);
			path = "HomeWork 3.02";
			sourceTree = "<group>";
		};
		555B0DBE29179DD70022C052 /* ViewControllers */ = {
			isa = PBXGroup;
			children = (
				555B0DAA29169F380022C052 /* MainViewController.swift */,
				5594BAC4291BD196000D1DF7 /* JokeViewController.swift */,
			);
			path = ViewControllers;
			sourceTree = "<group>";
		};
		555B0DBF29179DED0022C052 /* App */ = {
			isa = PBXGroup;
			children = (
				555B0DA629169F380022C052 /* AppDelegate.swift */,
				555B0DA829169F380022C052 /* SceneDelegate.swift */,
				555B0DB429169F390022C052 /* Info.plist */,
			);
			path = App;
			sourceTree = "<group>";
		};
		555B0DC029179E080022C052 /* Models */ = {
			isa = PBXGroup;
			children = (
				555B0DBA2916B4100022C052 /* Joke.swift */,
			);
			path = Models;
			sourceTree = "<group>";
		};
		555B0DC129179E260022C052 /* Storyboards */ = {
			isa = PBXGroup;
			children = (
				555B0DAC29169F380022C052 /* Main.storyboard */,
				555B0DB129169F390022C052 /* LaunchScreen.storyboard */,
			);
			path = Storyboards;
			sourceTree = "<group>";
		};
		5594BAC6291BD39A000D1DF7 /* Extensions */ = {
			isa = PBXGroup;
			children = (
				5594BAC2291BD0FE000D1DF7 /* Extension + UIView.swift */,
			);
			path = Extensions;
			sourceTree = "<group>";
		};
/* End PBXGroup section */

/* Begin PBXNativeTarget section */
		555B0DA229169F380022C052 /* HomeWork 3.02 */ = {
			isa = PBXNativeTarget;
			buildConfigurationList = 555B0DB729169F390022C052 /* Build configuration list for PBXNativeTarget "HomeWork 3.02" */;
			buildPhases = (
				555B0D9F29169F380022C052 /* Sources */,
				555B0DA029169F380022C052 /* Frameworks */,
				555B0DA129169F380022C052 /* Resources */,
			);
			buildRules = (
			);
			dependencies = (
			);
			name = "HomeWork 3.02";
			productName = "HomeWork 3.02";
			productReference = 555B0DA329169F380022C052 /* HomeWork 3.02.app */;
			productType = "com.apple.product-type.application";
		};
/* End PBXNativeTarget section */

/* Begin PBXProject section */
		555B0D9B29169F380022C052 /* Project object */ = {
			isa = PBXProject;
			attributes = {
				BuildIndependentTargetsInParallel = 1;
				LastSwiftUpdateCheck = 1400;
				LastUpgradeCheck = 1400;
				TargetAttributes = {
					555B0DA229169F380022C052 = {
						CreatedOnToolsVersion = 14.0.1;
					};
				};
			};
			buildConfigurationList = 555B0D9E29169F380022C052 /* Build configuration list for PBXProject "JokeGenerator" */;
			compatibilityVersion = "Xcode 14.0";
			developmentRegion = en;
			hasScannedForEncodings = 0;
			knownRegions = (
				en,
				Base,
			);
			mainGroup = 555B0D9A29169F380022C052;
			productRefGroup = 555B0DA429169F380022C052 /* Products */;
			projectDirPath = "";
			projectRoot = "";
			targets = (
				555B0DA229169F380022C052 /* HomeWork 3.02 */,
			);
		};
/* End PBXProject section */

/* Begin PBXResourcesBuildPhase section */
		555B0DA129169F380022C052 /* Resources */ = {
			isa = PBXResourcesBuildPhase;
			buildActionMask = 2147483647;
			files = (
				555B0DB329169F390022C052 /* LaunchScreen.storyboard in Resources */,
				555B0DB029169F390022C052 /* Assets.xcassets in Resources */,
				555B0DAE29169F380022C052 /* Main.storyboard in Resources */,
			);
			runOnlyForDeploymentPostprocessing = 0;
		};
/* End PBXResourcesBuildPhase section */

/* Begin PBXSourcesBuildPhase section */
		555B0D9F29169F380022C052 /* Sources */ = {
			isa = PBXSourcesBuildPhase;
			buildActionMask = 2147483647;
			files = (
				555B0DAB29169F380022C052 /* MainViewController.swift in Sources */,
				555B0DA729169F380022C052 /* AppDelegate.swift in Sources */,
				5594BAC3291BD0FE000D1DF7 /* Extension + UIView.swift in Sources */,
				555B0DBB2916B4100022C052 /* Joke.swift in Sources */,
				555B0DA929169F380022C052 /* SceneDelegate.swift in Sources */,
				5594BAC5291BD196000D1DF7 /* JokeViewController.swift in Sources */,
			);
			runOnlyForDeploymentPostprocessing = 0;
		};
/* End PBXSourcesBuildPhase section */

/* Begin PBXVariantGroup section */
		555B0DAC29169F380022C052 /* Main.storyboard */ = {
			isa = PBXVariantGroup;
			children = (
				555B0DAD29169F380022C052 /* Base */,
			);
			name = Main.storyboard;
			sourceTree = "<group>";
		};
		555B0DB129169F390022C052 /* LaunchScreen.storyboard */ = {
			isa = PBXVariantGroup;
			children = (
				555B0DB229169F390022C052 /* Base */,
			);
			name = LaunchScreen.storyboard;
			sourceTree = "<group>";
		};
/* End PBXVariantGroup section */

/* Begin XCBuildConfiguration section */
		555B0DB529169F390022C052 /* Debug */ = {
			isa = XCBuildConfiguration;
			buildSettings = {
				ALWAYS_SEARCH_USER_PATHS = NO;
				CLANG_ANALYZER_NONNULL = YES;
				CLANG_ANALYZER_NUMBER_OBJECT_CONVERSION = YES_AGGRESSIVE;
				CLANG_CXX_LANGUAGE_STANDARD = "gnu++20";
				CLANG_ENABLE_MODULES = YES;
				CLANG_ENABLE_OBJC_ARC = YES;
				CLANG_ENABLE_OBJC_WEAK = YES;
				CLANG_WARN_BLOCK_CAPTURE_AUTORELEASING = YES;
				CLANG_WARN_BOOL_CONVERSION = YES;
				CLANG_WARN_COMMA = YES;
				CLANG_WARN_CONSTANT_CONVERSION = YES;
				CLANG_WARN_DEPRECATED_OBJC_IMPLEMENTATIONS = YES;
				CLANG_WARN_DIRECT_OBJC_ISA_USAGE = YES_ERROR;
				CLANG_WARN_DOCUMENTATION_COMMENTS = YES;
				CLANG_WARN_EMPTY_BODY = YES;
				CLANG_WARN_ENUM_CONVERSION = YES;
				CLANG_WARN_INFINITE_RECURSION = YES;
				CLANG_WARN_INT_CONVERSION = YES;
				CLANG_WARN_NON_LITERAL_NULL_CONVERSION = YES;
				CLANG_WARN_OBJC_IMPLICIT_RETAIN_SELF = YES;
				CLANG_WARN_OBJC_LITERAL_CONVERSION = YES;
				CLANG_WARN_OBJC_ROOT_CLASS = YES_ERROR;
				CLANG_WARN_QUOTED_INCLUDE_IN_FRAMEWORK_HEADER = YES;
				CLANG_WARN_RANGE_LOOP_ANALYSIS = YES;
				CLANG_WARN_STRICT_PROTOTYPES = YES;
				CLANG_WARN_SUSPICIOUS_MOVE = YES;
				CLANG_WARN_UNGUARDED_AVAILABILITY = YES_AGGRESSIVE;
				CLANG_WARN_UNREACHABLE_CODE = YES;
				CLANG_WARN__DUPLICATE_METHOD_MATCH = YES;
				COPY_PHASE_STRIP = NO;
				DEBUG_INFORMATION_FORMAT = dwarf;
				ENABLE_STRICT_OBJC_MSGSEND = YES;
				ENABLE_TESTABILITY = YES;
				GCC_C_LANGUAGE_STANDARD = gnu11;
				GCC_DYNAMIC_NO_PIC = NO;
				GCC_NO_COMMON_BLOCKS = YES;
				GCC_OPTIMIZATION_LEVEL = 0;
				GCC_PREPROCESSOR_DEFINITIONS = (
					"DEBUG=1",
					"$(inherited)",
				);
				GCC_WARN_64_TO_32_BIT_CONVERSION = YES;
				GCC_WARN_ABOUT_RETURN_TYPE = YES_ERROR;
				GCC_WARN_UNDECLARED_SELECTOR = YES;
				GCC_WARN_UNINITIALIZED_AUTOS = YES_AGGRESSIVE;
				GCC_WARN_UNUSED_FUNCTION = YES;
				GCC_WARN_UNUSED_VARIABLE = YES;
				IPHONEOS_DEPLOYMENT_TARGET = 16.0;
				MTL_ENABLE_DEBUG_INFO = INCLUDE_SOURCE;
				MTL_FAST_MATH = YES;
				ONLY_ACTIVE_ARCH = YES;
				SDKROOT = iphoneos;
				SWIFT_ACTIVE_COMPILATION_CONDITIONS = DEBUG;
				SWIFT_OPTIMIZATION_LEVEL = "-Onone";
			};
			name = Debug;
		};
		555B0DB629169F390022C052 /* Release */ = {
			isa = XCBuildConfiguration;
			buildSettings = {
				ALWAYS_SEARCH_USER_PATHS = NO;
				CLANG_ANALYZER_NONNULL = YES;
				CLANG_ANALYZER_NUMBER_OBJECT_CONVERSION = YES_AGGRESSIVE;
				CLANG_CXX_LANGUAGE_STANDARD = "gnu++20";
				CLANG_ENABLE_MODULES = YES;
				CLANG_ENABLE_OBJC_ARC = YES;
				CLANG_ENABLE_OBJC_WEAK = YES;
				CLANG_WARN_BLOCK_CAPTURE_AUTORELEASING = YES;
				CLANG_WARN_BOOL_CONVERSION = YES;
				CLANG_WARN_COMMA = YES;
				CLANG_WARN_CONSTANT_CONVERSION = YES;
				CLANG_WARN_DEPRECATED_OBJC_IMPLEMENTATIONS = YES;
				CLANG_WARN_DIRECT_OBJC_ISA_USAGE = YES_ERROR;
				CLANG_WARN_DOCUMENTATION_COMMENTS = YES;
				CLANG_WARN_EMPTY_BODY = YES;
				CLANG_WARN_ENUM_CONVERSION = YES;
				CLANG_WARN_INFINITE_RECURSION = YES;
				CLANG_WARN_INT_CONVERSION = YES;
				CLANG_WARN_NON_LITERAL_NULL_CONVERSION = YES;
				CLANG_WARN_OBJC_IMPLICIT_RETAIN_SELF = YES;
				CLANG_WARN_OBJC_LITERAL_CONVERSION = YES;
				CLANG_WARN_OBJC_ROOT_CLASS = YES_ERROR;
				CLANG_WARN_QUOTED_INCLUDE_IN_FRAMEWORK_HEADER = YES;
				CLANG_WARN_RANGE_LOOP_ANALYSIS = YES;
				CLANG_WARN_STRICT_PROTOTYPES = YES;
				CLANG_WARN_SUSPICIOUS_MOVE = YES;
				CLANG_WARN_UNGUARDED_AVAILABILITY = YES_AGGRESSIVE;
				CLANG_WARN_UNREACHABLE_CODE = YES;
				CLANG_WARN__DUPLICATE_METHOD_MATCH = YES;
				COPY_PHASE_STRIP = NO;
				DEBUG_INFORMATION_FORMAT = "dwarf-with-dsym";
				ENABLE_NS_ASSERTIONS = NO;
				ENABLE_STRICT_OBJC_MSGSEND = YES;
				GCC_C_LANGUAGE_STANDARD = gnu11;
				GCC_NO_COMMON_BLOCKS = YES;
				GCC_WARN_64_TO_32_BIT_CONVERSION = YES;
				GCC_WARN_ABOUT_RETURN_TYPE = YES_ERROR;
				GCC_WARN_UNDECLARED_SELECTOR = YES;
				GCC_WARN_UNINITIALIZED_AUTOS = YES_AGGRESSIVE;
				GCC_WARN_UNUSED_FUNCTION = YES;
				GCC_WARN_UNUSED_VARIABLE = YES;
				IPHONEOS_DEPLOYMENT_TARGET = 16.0;
				MTL_ENABLE_DEBUG_INFO = NO;
				MTL_FAST_MATH = YES;
				SDKROOT = iphoneos;
				SWIFT_COMPILATION_MODE = wholemodule;
				SWIFT_OPTIMIZATION_LEVEL = "-O";
				VALIDATE_PRODUCT = YES;
			};
			name = Release;
		};
		555B0DB829169F390022C052 /* Debug */ = {
			isa = XCBuildConfiguration;
			buildSettings = {
				ASSETCATALOG_COMPILER_APPICON_NAME = AppIcon;
				ASSETCATALOG_COMPILER_GLOBAL_ACCENT_COLOR_NAME = AccentColor;
				CODE_SIGN_STYLE = Automatic;
				CURRENT_PROJECT_VERSION = 1;
				GENERATE_INFOPLIST_FILE = YES;
				INFOPLIST_FILE = "HomeWork 3.02/App/Info.plist";
				INFOPLIST_KEY_UIApplicationSupportsIndirectInputEvents = YES;
				INFOPLIST_KEY_UILaunchStoryboardName = LaunchScreen;
				INFOPLIST_KEY_UIMainStoryboardFile = Main;
				INFOPLIST_KEY_UISupportedInterfaceOrientations = UIInterfaceOrientationPortrait;
				LD_RUNPATH_SEARCH_PATHS = (
					"$(inherited)",
					"@executable_path/Frameworks",
				);
				MARKETING_VERSION = 1.0;
				PRODUCT_BUNDLE_IDENTIFIER = "albinalega.HomeWork-3-02";
				PRODUCT_NAME = "$(TARGET_NAME)";
				SWIFT_EMIT_LOC_STRINGS = YES;
				SWIFT_VERSION = 5.0;
				TARGETED_DEVICE_FAMILY = "1,2";
			};
			name = Debug;
		};
		555B0DB929169F390022C052 /* Release */ = {
			isa = XCBuildConfiguration;
			buildSettings = {
				ASSETCATALOG_COMPILER_APPICON_NAME = AppIcon;
				ASSETCATALOG_COMPILER_GLOBAL_ACCENT_COLOR_NAME = AccentColor;
				CODE_SIGN_STYLE = Automatic;
				CURRENT_PROJECT_VERSION = 1;
				GENERATE_INFOPLIST_FILE = YES;
				INFOPLIST_FILE = "HomeWork 3.02/App/Info.plist";
				INFOPLIST_KEY_UIApplicationSupportsIndirectInputEvents = YES;
				INFOPLIST_KEY_UILaunchStoryboardName = LaunchScreen;
				INFOPLIST_KEY_UIMainStoryboardFile = Main;
				INFOPLIST_KEY_UISupportedInterfaceOrientations = UIInterfaceOrientationPortrait;
				LD_RUNPATH_SEARCH_PATHS = (
					"$(inherited)",
					"@executable_path/Frameworks",
				);
				MARKETING_VERSION = 1.0;
				PRODUCT_BUNDLE_IDENTIFIER = "albinalega.HomeWork-3-02";
				PRODUCT_NAME = "$(TARGET_NAME)";
				SWIFT_EMIT_LOC_STRINGS = YES;
				SWIFT_VERSION = 5.0;
				TARGETED_DEVICE_FAMILY = "1,2";
			};
			name = Release;
		};
/* End XCBuildConfiguration section */

/* Begin XCConfigurationList section */
		555B0D9E29169F380022C052 /* Build configuration list for PBXProject "JokeGenerator" */ = {
			isa = XCConfigurationList;
			buildConfigurations = (
				555B0DB529169F390022C052 /* Debug */,
				555B0DB629169F390022C052 /* Release */,
			);
			defaultConfigurationIsVisible = 0;
			defaultConfigurationName = Release;
		};
		555B0DB729169F390022C052 /* Build configuration list for PBXNativeTarget "HomeWork 3.02" */ = {
			isa = XCConfigurationList;
			buildConfigurations = (
				555B0DB829169F390022C052 /* Debug */,
				555B0DB929169F390022C052 /* Release */,
			);
			defaultConfigurationIsVisible = 0;
			defaultConfigurationName = Release;
		};
/* End XCConfigurationList section */
	};
	rootObject = 555B0D9B29169F380022C052 /* Project object */;
}
